
Microsoft Visual Studio Solution File, Format Version 12.00
# Visual Studio 15
VisualStudioVersion = 15.0.26124.0
MinimumVisualStudioVersion = 15.0.26124.0
Project("{FAE04EC0-301F-11D3-BF4B-00C04F79EFBC}") = "SolarCoffee.Data", "SolarCoffee.Data\SolarCoffee.Data.csproj", "{DDB65628-E3DC-4AB7-AC4C-2B9F6E80F54D}"
EndProject
Project("{FAE04EC0-301F-11D3-BF4B-00C04F79EFBC}") = "SolarCoffee.Services", "SolarCoffee.Services\SolarCoffee.Services.csproj", "{8C46F701-F0B0-4587-A339-BF30CAEA5666}"
EndProject
Project("{FAE04EC0-301F-11D3-BF4B-00C04F79EFBC}") = "SolarCoffee.Web", "SolarCoffee.Web\SolarCoffee.Web.csproj", "{76B4ED5F-F5AC-47E5-AC65-CA03AD9DF652}"
EndProject
Project("{FAE04EC0-301F-11D3-BF4B-00C04F79EFBC}") = "SolarCoffee.Test", "SolarCoffee.Test\SolarCoffee.Test.csproj", "{8DFCD57C-0898-4B6E-AD33-BF8407D3A50D}"
EndProject
Global
	GlobalSection(SolutionConfigurationPlatforms) = preSolution
		Debug|Any CPU = Debug|Any CPU
		Debug|x64 = Debug|x64
		Debug|x86 = Debug|x86
		Release|Any CPU = Release|Any CPU
		Release|x64 = Release|x64
		Release|x86 = Release|x86
	EndGlobalSection
	GlobalSection(SolutionProperties) = preSolution
		HideSolutionNode = FALSE
	EndGlobalSection
	GlobalSection(ProjectConfigurationPlatforms) = postSolution
		{DDB65628-E3DC-4AB7-AC4C-2B9F6E80F54D}.Debug|Any CPU.ActiveCfg = Debug|Any CPU
		{DDB65628-E3DC-4AB7-AC4C-2B9F6E80F54D}.Debug|Any CPU.Build.0 = Debug|Any CPU
		{DDB65628-E3DC-4AB7-AC4C-2B9F6E80F54D}.Debug|x64.ActiveCfg = Debug|Any CPU
		{DDB65628-E3DC-4AB7-AC4C-2B9F6E80F54D}.Debug|x64.Build.0 = Debug|Any CPU
		{DDB65628-E3DC-4AB7-AC4C-2B9F6E80F54D}.Debug|x86.ActiveCfg = Debug|Any CPU
		{DDB65628-E3DC-4AB7-AC4C-2B9F6E80F54D}.Debug|x86.Build.0 = Debug|Any CPU
		{DDB65628-E3DC-4AB7-AC4C-2B9F6E80F54D}.Release|Any CPU.ActiveCfg = Release|Any CPU
		{DDB65628-E3DC-4AB7-AC4C-2B9F6E80F54D}.Release|Any CPU.Build.0 = Release|Any CPU
		{DDB65628-E3DC-4AB7-AC4C-2B9F6E80F54D}.Release|x64.ActiveCfg = Release|Any CPU
		{DDB65628-E3DC-4AB7-AC4C-2B9F6E80F54D}.Release|x64.Build.0 = Release|Any CPU
		{DDB65628-E3DC-4AB7-AC4C-2B9F6E80F54D}.Release|x86.ActiveCfg = Release|Any CPU
		{DDB65628-E3DC-4AB7-AC4C-2B9F6E80F54D}.Release|x86.Build.0 = Release|Any CPU
		{8C46F701-F0B0-4587-A339-BF30CAEA5666}.Debug|Any CPU.ActiveCfg = Debug|Any CPU
		{8C46F701-F0B0-4587-A339-BF30CAEA5666}.Debug|Any CPU.Build.0 = Debug|Any CPU
		{8C46F701-F0B0-4587-A339-BF30CAEA5666}.Debug|x64.ActiveCfg = Debug|Any CPU
		{8C46F701-F0B0-4587-A339-BF30CAEA5666}.Debug|x64.Build.0 = Debug|Any CPU
		{8C46F701-F0B0-4587-A339-BF30CAEA5666}.Debug|x86.ActiveCfg = Debug|Any CPU
		{8C46F701-F0B0-4587-A339-BF30CAEA5666}.Debug|x86.Build.0 = Debug|Any CPU
		{8C46F701-F0B0-4587-A339-BF30CAEA5666}.Release|Any CPU.ActiveCfg = Release|Any CPU
		{8C46F701-F0B0-4587-A339-BF30CAEA5666}.Release|Any CPU.Build.0 = Release|Any CPU
		{8C46F701-F0B0-4587-A339-BF30CAEA5666}.Release|x64.ActiveCfg = Release|Any CPU
		{8C46F701-F0B0-4587-A339-BF30CAEA5666}.Release|x64.Build.0 = Release|Any CPU
		{8C46F701-F0B0-4587-A339-BF30CAEA5666}.Release|x86.ActiveCfg = Release|Any CPU
		{8C46F701-F0B0-4587-A339-BF30CAEA5666}.Release|x86.Build.0 = Release|Any CPU
		{76B4ED5F-F5AC-47E5-AC65-CA03AD9DF652}.Debug|Any CPU.ActiveCfg = Debug|Any CPU
		{76B4ED5F-F5AC-47E5-AC65-CA03AD9DF652}.Debug|Any CPU.Build.0 = Debug|Any CPU
		{76B4ED5F-F5AC-47E5-AC65-CA03AD9DF652}.Debug|x64.ActiveCfg = Debug|Any CPU
		{76B4ED5F-F5AC-47E5-AC65-CA03AD9DF652}.Debug|x64.Build.0 = Debug|Any CPU
		{76B4ED5F-F5AC-47E5-AC65-CA03AD9DF652}.Debug|x86.ActiveCfg = Debug|Any CPU
		{76B4ED5F-F5AC-47E5-AC65-CA03AD9DF652}.Debug|x86.Build.0 = Debug|Any CPU
		{76B4ED5F-F5AC-47E5-AC65-CA03AD9DF652}.Release|Any CPU.ActiveCfg = Release|Any CPU
		{76B4ED5F-F5AC-47E5-AC65-CA03AD9DF652}.Release|Any CPU.Build.0 = Release|Any CPU
		{76B4ED5F-F5AC-47E5-AC65-CA03AD9DF652}.Release|x64.ActiveCfg = Release|Any CPU
		{76B4ED5F-F5AC-47E5-AC65-CA03AD9DF652}.Release|x64.Build.0 = Release|Any CPU
		{76B4ED5F-F5AC-47E5-AC65-CA03AD9DF652}.Release|x86.ActiveCfg = Release|Any CPU
		{76B4ED5F-F5AC-47E5-AC65-CA03AD9DF652}.Release|x86.Build.0 = Release|Any CPU
		{8DFCD57C-0898-4B6E-AD33-BF8407D3A50D}.Debug|Any CPU.ActiveCfg = Debug|Any CPU
		{8DFCD57C-0898-4B6E-AD33-BF8407D3A50D}.Debug|Any CPU.Build.0 = Debug|Any CPU
		{8DFCD57C-0898-4B6E-AD33-BF8407D3A50D}.Debug|x64.ActiveCfg = Debug|Any CPU
		{8DFCD57C-0898-4B6E-AD33-BF8407D3A50D}.Debug|x64.Build.0 = Debug|Any CPU
		{8DFCD57C-0898-4B6E-AD33-BF8407D3A50D}.Debug|x86.ActiveCfg = Debug|Any CPU
		{8DFCD57C-0898-4B6E-AD33-BF8407D3A50D}.Debug|x86.Build.0 = Debug|Any CPU
		{8DFCD57C-0898-4B6E-AD33-BF8407D3A50D}.Release|Any CPU.ActiveCfg = Release|Any CPU
		{8DFCD57C-0898-4B6E-AD33-BF8407D3A50D}.Release|Any CPU.Build.0 = Release|Any CPU
		{8DFCD57C-0898-4B6E-AD33-BF8407D3A50D}.Release|x64.ActiveCfg = Release|Any CPU
		{8DFCD57C-0898-4B6E-AD33-BF8407D3A50D}.Release|x64.Build.0 = Release|Any CPU
		{8DFCD57C-0898-4B6E-AD33-BF8407D3A50D}.Release|x86.ActiveCfg = Release|Any CPU
		{8DFCD57C-0898-4B6E-AD33-BF8407D3A50D}.Release|x86.Build.0 = Release|Any CPU
	EndGlobalSection
EndGlobal
